{
  "name": "ajs-2",
  "lockfileVersion": 2,
  "requires": true,
  "packages": {
    "": {
      "dependencies": {
        "@shuralol/ajs": "^1.0.0"
      }
    },
    "node_modules/@shuralol/ajs": {
      "version": "1.0.0",
      "resolved": "https://npm.pkg.github.com/download/@shuralol/ajs/1.0.0/b6df1b9c7592e2e9bab3ab9646a34cb6d595e929",
      "integrity": "sha512-8I7gJ6AaMzm6gYtrECSlrRQVNyok8oG+NOPa+e41RZ7BC9+9QocZWR0zA1t1B+Q7B718cVgt5QhDDAR3ZUB54w==",
      "license": "ISC"
    }
  },
  "dependencies": {
    "@shuralol/ajs": {
      "version": "1.0.0",
      "resolved": "https://npm.pkg.github.com/download/@shuralol/ajs/1.0.0/b6df1b9c7592e2e9bab3ab9646a34cb6d595e929",
      "integrity": "sha512-8I7gJ6AaMzm6gYtrECSlrRQVNyok8oG+NOPa+e41RZ7BC9+9QocZWR0zA1t1B+Q7B718cVgt5QhDDAR3ZUB54w=="
    }
  }
}
